<?xml version="1.0" encoding="utf-8"?>
<Project ToolsVersion="4.0" xmlns="http://schemas.microsoft.com/developer/msbuild/2003">
  <ItemGroup>
    <Filter Include="Source Files">
      <UniqueIdentifier>{4FC737F1-C7A5-4376-A066-2A32D752A2FF}</UniqueIdentifier>
      <Extensions>cpp;c;cc;cxx;c++;cppm;ixx;def;odl;idl;hpj;bat;asm;asmx</Extensions>
    </Filter>
    <Filter Include="Header Files">
      <UniqueIdentifier>{93995380-89BD-4b04-88EB-625FBE52EBFB}</UniqueIdentifier>
      <Extensions>h;hh;hpp;hxx;h++;hm;inl;inc;ipp;xsd</Extensions>
    </Filter>
    <Filter Include="Resource Files">
      <UniqueIdentifier>{67DA6AB6-F800-4c08-8B7A-83BB121AAD01}</UniqueIdentifier>
      <Extensions>rc;ico;cur;bmp;dlg;rc2;rct;bin;rgs;gif;jpg;jpeg;jpe;resx;tiff;tif;png;wav;mfcribbon-ms</Extensions>
    </Filter>
  </ItemGroup>
  <ItemGroup>
    <ClCompile Include="MyForm.cpp">
      <Filter>Source Files</Filter>
    </ClCompile>
    <ClCompile Include="MyFormForRegistration.cpp">
      <Filter>Source Files</Filter>
    </ClCompile>
    <ClCompile Include="GreetingForm.cpp">
      <Filter>Source Files</Filter>
    </ClCompile>
    <ClCompile Include="MyFormOfMainMenuAdmin.cpp">
      <Filter>Source Files</Filter>
    </ClCompile>
    <ClCompile Include="MyFormForEditing.cpp">
      <Filter>Source Files</Filter>
    </ClCompile>
    <ClCompile Include="MyFormOfMainMenuUser.cpp">
      <Filter>Source Files</Filter>
    </ClCompile>
    <ClCompile Include="MyFormForTesting.cpp">
      <Filter>Source Files</Filter>
    </ClCompile>
    <ClCompile Include="MyFormForEditing2.cpp">
      <Filter>Source Files</Filter>
    </ClCompile>
    <ClCompile Include="MyFormForEditing3.cpp">
      <Filter>Source Files</Filter>
    </ClCompile>
    <ClCompile Include="MyFormForEditing4.cpp">
      <Filter>Source Files</Filter>
    </ClCompile>
    <ClCompile Include="MyFormForEditingMain.cpp">
      <Filter>Source Files</Filter>
    </ClCompile>
  </ItemGroup>
  <ItemGroup>
    <ClInclude Include="MyForm.h">
      <Filter>Header Files</Filter>
    </ClInclude>
    <ClInclude Include="MyFormForRegistration.h">
      <Filter>Header Files</Filter>
    </ClInclude>
    <ClInclude Include="GreetingForm.h">
      <Filter>Header Files</Filter>
    </ClInclude>
    <ClInclude Include="MyFormOfMainMenuAdmin.h">
      <Filter>Header Files</Filter>
    </ClInclude>
    <ClInclude Include="MyFormForEditing.h">
      <Filter>Header Files</Filter>
    </ClInclude>
    <ClInclude Include="MyFormOfMainMenuUser.h">
      <Filter>Header Files</Filter>
    </ClInclude>
    <ClInclude Include="MyFormForTesting.h">
      <Filter>Header Files</Filter>
    </ClInclude>
    <ClInclude Include="MyFormForEditing2.h">
      <Filter>Header Files</Filter>
    </ClInclude>
    <ClInclude Include="MyFormForEditing3.h">
      <Filter>Header Files</Filter>
    </ClInclude>
    <ClInclude Include="MyFormForEditing4.h">
      <Filter>Header Files</Filter>
    </ClInclude>
    <ClInclude Include="MyFormForEditingMain.h">
      <Filter>Header Files</Filter>
    </ClInclude>
  </ItemGroup>
</Project>